
Microsoft Visual Studio Solution File, Format Version 12.00
# Visual Studio Version 17
VisualStudioVersion = 17.13.35919.96 d17.13
MinimumVisualStudioVersion = 10.0.40219.1
Project("{FAE04EC0-301F-11D3-BF4B-00C04F79EFBC}") = "PinkPact", "PinkPact\PinkPact.csproj", "{DB818957-D76C-4339-8BD8-BFBD1C1EF1B6}"
EndProject
Global
	GlobalSection(SolutionConfigurationPlatforms) = preSolution
		Debug|Any CPU = Debug|Any CPU
		Release|Any CPU = Release|Any CPU
	EndGlobalSection
	GlobalSection(ProjectConfigurationPlatforms) = postSolution
		{DB818957-D76C-4339-8BD8-BFBD1C1EF1B6}.Debug|Any CPU.ActiveCfg = Debug|Any CPU
		{DB818957-D76C-4339-8BD8-BFBD1C1EF1B6}.Debug|Any CPU.Build.0 = Debug|Any CPU
		{DB818957-D76C-4339-8BD8-BFBD1C1EF1B6}.Release|Any CPU.ActiveCfg = Release|Any CPU
		{DB818957-D76C-4339-8BD8-BFBD1C1EF1B6}.Release|Any CPU.Build.0 = Release|Any CPU
	EndGlobalSection
	GlobalSection(SolutionProperties) = preSolution
		HideSolutionNode = FALSE
	EndGlobalSection
	GlobalSection(ExtensibilityGlobals) = postSolution
		SolutionGuid = {0F81059F-8E18-4111-A5D3-11B17B83BD34}
	EndGlobalSection
EndGlobal
